// !$*UTF8*$!
{
	archiveVersion = 1;
	classes = {
	};
	objectVersion = 50;
	objects = {

/* Begin PBXBuildFile section */
		1FC533262469822000A88B77 /* AppDelegate.swift in Sources */ = {isa = PBXBuildFile; fileRef = 1FC533252469822000A88B77 /* AppDelegate.swift */; };
		1FC533282469822000A88B77 /* SceneDelegate.swift in Sources */ = {isa = PBXBuildFile; fileRef = 1FC533272469822000A88B77 /* SceneDelegate.swift */; };
		1FC5332A2469822000A88B77 /* ContentView.swift in Sources */ = {isa = PBXBuildFile; fileRef = 1FC533292469822000A88B77 /* ContentView.swift */; };
		1FC5332C2469822100A88B77 /* Assets.xcassets in Resources */ = {isa = PBXBuildFile; fileRef = 1FC5332B2469822100A88B77 /* Assets.xcassets */; };
		1FC5332F2469822100A88B77 /* Preview Assets.xcassets in Resources */ = {isa = PBXBuildFile; fileRef = 1FC5332E2469822100A88B77 /* Preview Assets.xcassets */; };
		1FC533322469822100A88B77 /* LaunchScreen.storyboard in Resources */ = {isa = PBXBuildFile; fileRef = 1FC533302469822100A88B77 /* LaunchScreen.storyboard */; };
		1FC5333D2469822100A88B77 /* iOSCalculatorTests.swift in Sources */ = {isa = PBXBuildFile; fileRef = 1FC5333C2469822100A88B77 /* iOSCalculatorTests.swift */; };
		1FC533482469822100A88B77 /* iOSCalculatorUITests.swift in Sources */ = {isa = PBXBuildFile; fileRef = 1FC533472469822100A88B77 /* iOSCalculatorUITests.swift */; };
/* End PBXBuildFile section */

/* Begin PBXContainerItemProxy section */
		1FC533392469822100A88B77 /* PBXContainerItemProxy */ = {
			isa = PBXContainerItemProxy;
			containerPortal = 1FC5331A2469822000A88B77 /* Project object */;
			proxyType = 1;
			remoteGlobalIDString = 1FC533212469822000A88B77;
			remoteInfo = iOSCalculator;
		};
		1FC533442469822100A88B77 /* PBXContainerItemProxy */ = {
			isa = PBXContainerItemProxy;
			containerPortal = 1FC5331A2469822000A88B77 /* Project object */;
			proxyType = 1;
			remoteGlobalIDString = 1FC533212469822000A88B77;
			remoteInfo = iOSCalculator;
		};
/* End PBXContainerItemProxy section */

/* Begin PBXFileReference section */
		1FC533222469822000A88B77 /* iOSCalculator.app */ = {isa = PBXFileReference; explicitFileType = wrapper.application; includeInIndex = 0; path = iOSCalculator.app; sourceTree = BUILT_PRODUCTS_DIR; };
		1FC533252469822000A88B77 /* AppDelegate.swift */ = {isa = PBXFileReference; lastKnownFileType = sourcecode.swift; path = AppDelegate.swift; sourceTree = "<group>"; };
		1FC533272469822000A88B77 /* SceneDelegate.swift */ = {isa = PBXFileReference; lastKnownFileType = sourcecode.swift; path = SceneDelegate.swift; sourceTree = "<group>"; };
		1FC533292469822000A88B77 /* ContentView.swift */ = {isa = PBXFileReference; lastKnownFileType = sourcecode.swift; path = ContentView.swift; sourceTree = "<group>"; };
		1FC5332B2469822100A88B77 /* Assets.xcassets */ = {isa = PBXFileReference; lastKnownFileType = folder.assetcatalog; path = Assets.xcassets; sourceTree = "<group>"; };
		1FC5332E2469822100A88B77 /* Preview Assets.xcassets */ = {isa = PBXFileReference; lastKnownFileType = folder.assetcatalog; path = "Preview Assets.xcassets"; sourceTree = "<group>"; };
		1FC533312469822100A88B77 /* Base */ = {isa = PBXFileReference; lastKnownFileType = file.storyboard; name = Base; path = Base.lproj/LaunchScreen.storyboard; sourceTree = "<group>"; };
		1FC533332469822100A88B77 /* Info.plist */ = {isa = PBXFileReference; lastKnownFileType = text.plist.xml; path = Info.plist; sourceTree = "<group>"; };
		1FC533382469822100A88B77 /* iOSCalculatorTests.xctest */ = {isa = PBXFileReference; explicitFileType = wrapper.cfbundle; includeInIndex = 0; path = iOSCalculatorTests.xctest; sourceTree = BUILT_PRODUCTS_DIR; };
		1FC5333C2469822100A88B77 /* iOSCalculatorTests.swift */ = {isa = PBXFileReference; lastKnownFileType = sourcecode.swift; path = iOSCalculatorTests.swift; sourceTree = "<group>"; };
		1FC5333E2469822100A88B77 /* Info.plist */ = {isa = PBXFileReference; lastKnownFileType = text.plist.xml; path = Info.plist; sourceTree = "<group>"; };
		1FC533432469822100A88B77 /* iOSCalculatorUITests.xctest */ = {isa = PBXFileReference; explicitFileType = wrapper.cfbundle; includeInIndex = 0; path = iOSCalculatorUITests.xctest; sourceTree = BUILT_PRODUCTS_DIR; };
		1FC533472469822100A88B77 /* iOSCalculatorUITests.swift */ = {isa = PBXFileReference; lastKnownFileType = sourcecode.swift; path = iOSCalculatorUITests.swift; sourceTree = "<group>"; };
		1FC533492469822100A88B77 /* Info.plist */ = {isa = PBXFileReference; lastKnownFileType = text.plist.xml; path = Info.plist; sourceTree = "<group>"; };
/* End PBXFileReference section */

/* Begin PBXFrameworksBuildPhase section */
		1FC5331F2469822000A88B77 /* Frameworks */ = {
			isa = PBXFrameworksBuildPhase;
			buildActionMask = 2147483647;
			files = (
			);
			runOnlyForDeploymentPostprocessing = 0;
		};
		1FC533352469822100A88B77 /* Frameworks */ = {
			isa = PBXFrameworksBuildPhase;
			buildActionMask = 2147483647;
			files = (
			);
			runOnlyForDeploymentPostprocessing = 0;
		};
		1FC533402469822100A88B77 /* Frameworks */ = {
			isa = PBXFrameworksBuildPhase;
			buildActionMask = 2147483647;
			files = (
			);
			runOnlyForDeploymentPostprocessing = 0;
		};
/* End PBXFrameworksBuildPhase section */

/* Begin PBXGroup section */
		1FC533192469822000A88B77 = {
			isa = PBXGroup;
			children = (
				1FC533242469822000A88B77 /* iOSCalculator */,
				1FC5333B2469822100A88B77 /* iOSCalculatorTests */,
				1FC533462469822100A88B77 /* iOSCalculatorUITests */,
				1FC533232469822000A88B77 /* Products */,
			);
			sourceTree = "<group>";
		};
		1FC533232469822000A88B77 /* Products */ = {
			isa = PBXGroup;
			children = (
				1FC533222469822000A88B77 /* iOSCalculator.app */,
				1FC533382469822100A88B77 /* iOSCalculatorTests.xctest */,
				1FC533432469822100A88B77 /* iOSCalculatorUITests.xctest */,
			);
			name = Products;
			sourceTree = "<group>";
		};
		1FC533242469822000A88B77 /* iOSCalculator */ = {
			isa = PBXGroup;
			children = (
				1FC533252469822000A88B77 /* AppDelegate.swift */,
				1FC533272469822000A88B77 /* SceneDelegate.swift */,
				1FC533292469822000A88B77 /* ContentView.swift */,
				1FC5332B2469822100A88B77 /* Assets.xcassets */,
				1FC533302469822100A88B77 /* LaunchScreen.storyboard */,
				1FC533332469822100A88B77 /* Info.plist */,
				1FC5332D2469822100A88B77 /* Preview Content */,
			);
			path = iOSCalculator;
			sourceTree = "<group>";
		};
		1FC5332D2469822100A88B77 /* Preview Content */ = {
			isa = PBXGroup;
			children = (
				1FC5332E2469822100A88B77 /* Preview Assets.xcassets */,
			);
			path = "Preview Content";
			sourceTree = "<group>";
		};
		1FC5333B2469822100A88B77 /* iOSCalculatorTests */ = {
			isa = PBXGroup;
			children = (
				1FC5333C2469822100A88B77 /* iOSCalculatorTests.swift */,
				1FC5333E2469822100A88B77 /* Info.plist */,
			);
			path = iOSCalculatorTests;
			sourceTree = "<group>";
		};
		1FC533462469822100A88B77 /* iOSCalculatorUITests */ = {
			isa = PBXGroup;
			children = (
				1FC533472469822100A88B77 /* iOSCalculatorUITests.swift */,
				1FC533492469822100A88B77 /* Info.plist */,
			);
			path = iOSCalculatorUITests;
			sourceTree = "<group>";
		};
/* End PBXGroup section */

/* Begin PBXNativeTarget section */
		1FC533212469822000A88B77 /* iOSCalculator */ = {
			isa = PBXNativeTarget;
			buildConfigurationList = 1FC5334C2469822100A88B77 /* Build configuration list for PBXNativeTarget "iOSCalculator" */;
			buildPhases = (
				1FC5331E2469822000A88B77 /* Sources */,
				1FC5331F2469822000A88B77 /* Frameworks */,
				1FC533202469822000A88B77 /* Resources */,
			);
			buildRules = (
			);
			dependencies = (
			);
			name = iOSCalculator;
			productName = iOSCalculator;
			productReference = 1FC533222469822000A88B77 /* iOSCalculator.app */;
			productType = "com.apple.product-type.application";
		};
		1FC533372469822100A88B77 /* iOSCalculatorTests */ = {
			isa = PBXNativeTarget;
			buildConfigurationList = 1FC5334F2469822100A88B77 /* Build configuration list for PBXNativeTarget "iOSCalculatorTests" */;
			buildPhases = (
				1FC533342469822100A88B77 /* Sources */,
				1FC533352469822100A88B77 /* Frameworks */,
				1FC533362469822100A88B77 /* Resources */,
			);
			buildRules = (
			);
			dependencies = (
				1FC5333A2469822100A88B77 /* PBXTargetDependency */,
			);
			name = iOSCalculatorTests;
			productName = iOSCalculatorTests;
			productReference = 1FC533382469822100A88B77 /* iOSCalculatorTests.xctest */;
			productType = "com.apple.product-type.bundle.unit-test";
		};
		1FC533422469822100A88B77 /* iOSCalculatorUITests */ = {
			isa = PBXNativeTarget;
			buildConfigurationList = 1FC533522469822100A88B77 /* Build configuration list for PBXNativeTarget "iOSCalculatorUITests" */;
			buildPhases = (
				1FC5333F2469822100A88B77 /* Sources */,
				1FC533402469822100A88B77 /* Frameworks */,
				1FC533412469822100A88B77 /* Resources */,
			);
			buildRules = (
			);
			dependencies = (
				1FC533452469822100A88B77 /* PBXTargetDependency */,
			);
			name = iOSCalculatorUITests;
			productName = iOSCalculatorUITests;
			productReference = 1FC533432469822100A88B77 /* iOSCalculatorUITests.xctest */;
			productType = "com.apple.product-type.bundle.ui-testing";
		};
/* End PBXNativeTarget section */

/* Begin PBXProject section */
		1FC5331A2469822000A88B77 /* Project object */ = {
			isa = PBXProject;
			attributes = {
				LastSwiftUpdateCheck = 1140;
				LastUpgradeCheck = 1140;
				ORGANIZATIONNAME = "Aleksandr Tolstoy";
				TargetAttributes = {
					1FC533212469822000A88B77 = {
						CreatedOnToolsVersion = 11.4.1;
					};
					1FC533372469822100A88B77 = {
						CreatedOnToolsVersion = 11.4.1;
						TestTargetID = 1FC533212469822000A88B77;
					};
					1FC533422469822100A88B77 = {
						CreatedOnToolsVersion = 11.4.1;
						TestTargetID = 1FC533212469822000A88B77;
					};
				};
			};
			buildConfigurationList = 1FC5331D2469822000A88B77 /* Build configuration list for PBXProject "iOSCalculator" */;
			compatibilityVersion = "Xcode 9.3";
			developmentRegion = en;
			hasScannedForEncodings = 0;
			knownRegions = (
				en,
				Base,
			);
			mainGroup = 1FC533192469822000A88B77;
			productRefGroup = 1FC533232469822000A88B77 /* Products */;
			projectDirPath = "";
			projectRoot = "";
			targets = (
				1FC533212469822000A88B77 /* iOSCalculator */,
				1FC533372469822100A88B77 /* iOSCalculatorTests */,
				1FC533422469822100A88B77 /* iOSCalculatorUITests */,
			);
		};
/* End PBXProject section */

/* Begin PBXResourcesBuildPhase section */
		1FC533202469822000A88B77 /* Resources */ = {
			isa = PBXResourcesBuildPhase;
			buildActionMask = 2147483647;
			files = (
				1FC533322469822100A88B77 /* LaunchScreen.storyboard in Resources */,
				1FC5332F2469822100A88B77 /* Preview Assets.xcassets in Resources */,
				1FC5332C2469822100A88B77 /* Assets.xcassets in Resources */,
			);
			runOnlyForDeploymentPostprocessing = 0;
		};
		1FC533362469822100A88B77 /* Resources */ = {
			isa = PBXResourcesBuildPhase;
			buildActionMask = 2147483647;
			files = (
			);
			runOnlyForDeploymentPostprocessing = 0;
		};
		1FC533412469822100A88B77 /* Resources */ = {
			isa = PBXResourcesBuildPhase;
			buildActionMask = 2147483647;
			files = (
			);
			runOnlyForDeploymentPostprocessing = 0;
		};
/* End PBXResourcesBuildPhase section */

/* Begin PBXSourcesBuildPhase section */
		1FC5331E2469822000A88B77 /* Sources */ = {
			isa = PBXSourcesBuildPhase;
			buildActionMask = 2147483647;
			files = (
				1FC533262469822000A88B77 /* AppDelegate.swift in Sources */,
				1FC533282469822000A88B77 /* SceneDelegate.swift in Sources */,
				1FC5332A2469822000A88B77 /* ContentView.swift in Sources */,
			);
			runOnlyForDeploymentPostprocessing = 0;
		};
		1FC533342469822100A88B77 /* Sources */ = {
			isa = PBXSourcesBuildPhase;
			buildActionMask = 2147483647;
			files = (
				1FC5333D2469822100A88B77 /* iOSCalculatorTests.swift in Sources */,
			);
			runOnlyForDeploymentPostprocessing = 0;
		};
		1FC5333F2469822100A88B77 /* Sources */ = {
			isa = PBXSourcesBuildPhase;
			buildActionMask = 2147483647;
			files = (
				1FC533482469822100A88B77 /* iOSCalculatorUITests.swift in Sources */,
			);
			runOnlyForDeploymentPostprocessing = 0;
		};
/* End PBXSourcesBuildPhase section */

/* Begin PBXTargetDependency section */
		1FC5333A2469822100A88B77 /* PBXTargetDependency */ = {
			isa = PBXTargetDependency;
			target = 1FC533212469822000A88B77 /* iOSCalculator */;
			targetProxy = 1FC533392469822100A88B77 /* PBXContainerItemProxy */;
		};
		1FC533452469822100A88B77 /* PBXTargetDependency */ = {
			isa = PBXTargetDependency;
			target = 1FC533212469822000A88B77 /* iOSCalculator */;
			targetProxy = 1FC533442469822100A88B77 /* PBXContainerItemProxy */;
		};
/* End PBXTargetDependency section */

/* Begin PBXVariantGroup section */
		1FC533302469822100A88B77 /* LaunchScreen.storyboard */ = {
			isa = PBXVariantGroup;
			children = (
				1FC533312469822100A88B77 /* Base */,
			);
			name = LaunchScreen.storyboard;
			sourceTree = "<group>";
		};
/* End PBXVariantGroup section */

/* Begin XCBuildConfiguration section */
		1FC5334A2469822100A88B77 /* Debug */ = {
			isa = XCBuildConfiguration;
			buildSettings = {
				ALWAYS_SEARCH_USER_PATHS = NO;
				CLANG_ANALYZER_NONNULL = YES;
				CLANG_ANALYZER_NUMBER_OBJECT_CONVERSION = YES_AGGRESSIVE;
				CLANG_CXX_LANGUAGE_STANDARD = "gnu++14";
				CLANG_CXX_LIBRARY = "libc++";
				CLANG_ENABLE_MODULES = YES;
				CLANG_ENABLE_OBJC_ARC = YES;
				CLANG_ENABLE_OBJC_WEAK = YES;
				CLANG_WARN_BLOCK_CAPTURE_AUTORELEASING = YES;
				CLANG_WARN_BOOL_CONVERSION = YES;
				CLANG_WARN_COMMA = YES;
				CLANG_WARN_CONSTANT_CONVERSION = YES;
				CLANG_WARN_DEPRECATED_OBJC_IMPLEMENTATIONS = YES;
				CLANG_WARN_DIRECT_OBJC_ISA_USAGE = YES_ERROR;
				CLANG_WARN_DOCUMENTATION_COMMENTS = YES;
				CLANG_WARN_EMPTY_BODY = YES;
				CLANG_WARN_ENUM_CONVERSION = YES;
				CLANG_WARN_INFINITE_RECURSION = YES;
				CLANG_WARN_INT_CONVERSION = YES;
				CLANG_WARN_NON_LITERAL_NULL_CONVERSION = YES;
				CLANG_WARN_OBJC_IMPLICIT_RETAIN_SELF = YES;
				CLANG_WARN_OBJC_LITERAL_CONVERSION = YES;
				CLANG_WARN_OBJC_ROOT_CLASS = YES_ERROR;
				CLANG_WARN_RANGE_LOOP_ANALYSIS = YES;
				CLANG_WARN_STRICT_PROTOTYPES = YES;
				CLANG_WARN_SUSPICIOUS_MOVE = YES;
				CLANG_WARN_UNGUARDED_AVAILABILITY = YES_AGGRESSIVE;
				CLANG_WARN_UNREACHABLE_CODE = YES;
				CLANG_WARN__DUPLICATE_METHOD_MATCH = YES;
				COPY_PHASE_STRIP = NO;
				DEBUG_INFORMATION_FORMAT = dwarf;
				ENABLE_STRICT_OBJC_MSGSEND = YES;
				ENABLE_TESTABILITY = YES;
				GCC_C_LANGUAGE_STANDARD = gnu11;
				GCC_DYNAMIC_NO_PIC = NO;
				GCC_NO_COMMON_BLOCKS = YES;
				GCC_OPTIMIZATION_LEVEL = 0;
				GCC_PREPROCESSOR_DEFINITIONS = (
					"DEBUG=1",
					"$(inherited)",
				);
				GCC_WARN_64_TO_32_BIT_CONVERSION = YES;
				GCC_WARN_ABOUT_RETURN_TYPE = YES_ERROR;
				GCC_WARN_UNDECLARED_SELECTOR = YES;
				GCC_WARN_UNINITIALIZED_AUTOS = YES_AGGRESSIVE;
				GCC_WARN_UNUSED_FUNCTION = YES;
				GCC_WARN_UNUSED_VARIABLE = YES;
				IPHONEOS_DEPLOYMENT_TARGET = 13.4;
				MTL_ENABLE_DEBUG_INFO = INCLUDE_SOURCE;
				MTL_FAST_MATH = YES;
				ONLY_ACTIVE_ARCH = YES;
				SDKROOT = iphoneos;
				SWIFT_ACTIVE_COMPILATION_CONDITIONS = DEBUG;
				SWIFT_OPTIMIZATION_LEVEL = "-Onone";
			};
			name = Debug;
		};
		1FC5334B2469822100A88B77 /* Release */ = {
			isa = XCBuildConfiguration;
			buildSettings = {
				ALWAYS_SEARCH_USER_PATHS = NO;
				CLANG_ANALYZER_NONNULL = YES;
				CLANG_ANALYZER_NUMBER_OBJECT_CONVERSION = YES_AGGRESSIVE;
				CLANG_CXX_LANGUAGE_STANDARD = "gnu++14";
				CLANG_CXX_LIBRARY = "libc++";
				CLANG_ENABLE_MODULES = YES;
				CLANG_ENABLE_OBJC_ARC = YES;
				CLANG_ENABLE_OBJC_WEAK = YES;
				CLANG_WARN_BLOCK_CAPTURE_AUTORELEASING = YES;
				CLANG_WARN_BOOL_CONVERSION = YES;
				CLANG_WARN_COMMA = YES;
				CLANG_WARN_CONSTANT_CONVERSION = YES;
				CLANG_WARN_DEPRECATED_OBJC_IMPLEMENTATIONS = YES;
				CLANG_WARN_DIRECT_OBJC_ISA_USAGE = YES_ERROR;
				CLANG_WARN_DOCUMENTATION_COMMENTS = YES;
				CLANG_WARN_EMPTY_BODY = YES;
				CLANG_WARN_ENUM_CONVERSION = YES;
				CLANG_WARN_INFINITE_RECURSION = YES;
				CLANG_WARN_INT_CONVERSION = YES;
				CLANG_WARN_NON_LITERAL_NULL_CONVERSION = YES;
				CLANG_WARN_OBJC_IMPLICIT_RETAIN_SELF = YES;
				CLANG_WARN_OBJC_LITERAL_CONVERSION = YES;
				CLANG_WARN_OBJC_ROOT_CLASS = YES_ERROR;
				CLANG_WARN_RANGE_LOOP_ANALYSIS = YES;
				CLANG_WARN_STRICT_PROTOTYPES = YES;
				CLANG_WARN_SUSPICIOUS_MOVE = YES;
				CLANG_WARN_UNGUARDED_AVAILABILITY = YES_AGGRESSIVE;
				CLANG_WARN_UNREACHABLE_CODE = YES;
				CLANG_WARN__DUPLICATE_METHOD_MATCH = YES;
				COPY_PHASE_STRIP = NO;
				DEBUG_INFORMATION_FORMAT = "dwarf-with-dsym";
				ENABLE_NS_ASSERTIONS = NO;
				ENABLE_STRICT_OBJC_MSGSEND = YES;
				GCC_C_LANGUAGE_STANDARD = gnu11;
				GCC_NO_COMMON_BLOCKS = YES;
				GCC_WARN_64_TO_32_BIT_CONVERSION = YES;
				GCC_WARN_ABOUT_RETURN_TYPE = YES_ERROR;
				GCC_WARN_UNDECLARED_SELECTOR = YES;
				GCC_WARN_UNINITIALIZED_AUTOS = YES_AGGRESSIVE;
				GCC_WARN_UNUSED_FUNCTION = YES;
				GCC_WARN_UNUSED_VARIABLE = YES;
				IPHONEOS_DEPLOYMENT_TARGET = 13.4;
				MTL_ENABLE_DEBUG_INFO = NO;
				MTL_FAST_MATH = YES;
				SDKROOT = iphoneos;
				SWIFT_COMPILATION_MODE = wholemodule;
				SWIFT_OPTIMIZATION_LEVEL = "-O";
				VALIDATE_PRODUCT = YES;
			};
			name = Release;
		};
		1FC5334D2469822100A88B77 /* Debug */ = {
			isa = XCBuildConfiguration;
			buildSettings = {
				ASSETCATALOG_COMPILER_APPICON_NAME = AppIcon;
				CODE_SIGN_STYLE = Automatic;
				DEVELOPMENT_ASSET_PATHS = "\"iOSCalculator/Preview Content\"";
				DEVELOPMENT_TEAM = G56TQTA8VR;
				ENABLE_PREVIEWS = YES;
				INFOPLIST_FILE = iOSCalculator/Info.plist;
				LD_RUNPATH_SEARCH_PATHS = (
					"$(inherited)",
					"@executable_path/Frameworks",
				);
				PRODUCT_BUNDLE_IDENTIFIER = Kenplix.iOSCalculator;
				PRODUCT_NAME = "$(TARGET_NAME)";
				SWIFT_VERSION = 5.0;
				TARGETED_DEVICE_FAMILY = "1,2";
			};
			name = Debug;
		};
		1FC5334E2469822100A88B77 /* Release */ = {
			isa = XCBuildConfiguration;
			buildSettings = {
				ASSETCATALOG_COMPILER_APPICON_NAME = AppIcon;
				CODE_SIGN_STYLE = Automatic;
				DEVELOPMENT_ASSET_PATHS = "\"iOSCalculator/Preview Content\"";
				DEVELOPMENT_TEAM = G56TQTA8VR;
				ENABLE_PREVIEWS = YES;
				INFOPLIST_FILE = iOSCalculator/Info.plist;
				LD_RUNPATH_SEARCH_PATHS = (
					"$(inherited)",
					"@executable_path/Frameworks",
				);
				PRODUCT_BUNDLE_IDENTIFIER = Kenplix.iOSCalculator;
				PRODUCT_NAME = "$(TARGET_NAME)";
				SWIFT_VERSION = 5.0;
				TARGETED_DEVICE_FAMILY = "1,2";
			};
			name = Release;
		};
		1FC533502469822100A88B77 /* Debug */ = {
			isa = XCBuildConfiguration;
			buildSettings = {
				ALWAYS_EMBED_SWIFT_STANDARD_LIBRARIES = YES;
				BUNDLE_LOADER = "$(TEST_HOST)";
				CODE_SIGN_STYLE = Automatic;
				DEVELOPMENT_TEAM = G56TQTA8VR;
				INFOPLIST_FILE = iOSCalculatorTests/Info.plist;
				IPHONEOS_DEPLOYMENT_TARGET = 13.4;
				LD_RUNPATH_SEARCH_PATHS = (
					"$(inherited)",
					"@executable_path/Frameworks",
					"@loader_path/Frameworks",
				);
				PRODUCT_BUNDLE_IDENTIFIER = Kenplix.iOSCalculatorTests;
				PRODUCT_NAME = "$(TARGET_NAME)";
				SWIFT_VERSION = 5.0;
				TARGETED_DEVICE_FAMILY = "1,2";
				TEST_HOST = "$(BUILT_PRODUCTS_DIR)/iOSCalculator.app/iOSCalculator";
			};
			name = Debug;
		};
		1FC533512469822100A88B77 /* Release */ = {
			isa = XCBuildConfiguration;
			buildSettings = {
				ALWAYS_EMBED_SWIFT_STANDARD_LIBRARIES = YES;
				BUNDLE_LOADER = "$(TEST_HOST)";
				CODE_SIGN_STYLE = Automatic;
				DEVELOPMENT_TEAM = G56TQTA8VR;
				INFOPLIST_FILE = iOSCalculatorTests/Info.plist;
				IPHONEOS_DEPLOYMENT_TARGET = 13.4;
				LD_RUNPATH_SEARCH_PATHS = (
					"$(inherited)",
					"@executable_path/Frameworks",
					"@loader_path/Frameworks",
				);
				PRODUCT_BUNDLE_IDENTIFIER = Kenplix.iOSCalculatorTests;
				PRODUCT_NAME = "$(TARGET_NAME)";
				SWIFT_VERSION = 5.0;
				TARGETED_DEVICE_FAMILY = "1,2";
				TEST_HOST = "$(BUILT_PRODUCTS_DIR)/iOSCalculator.app/iOSCalculator";
			};
			name = Release;
		};
		1FC533532469822100A88B77 /* Debug */ = {
			isa = XCBuildConfiguration;
			buildSettings = {
				ALWAYS_EMBED_SWIFT_STANDARD_LIBRARIES = YES;
				CODE_SIGN_STYLE = Automatic;
				DEVELOPMENT_TEAM = G56TQTA8VR;
				INFOPLIST_FILE = iOSCalculatorUITests/Info.plist;
				LD_RUNPATH_SEARCH_PATHS = (
					"$(inherited)",
					"@executable_path/Frameworks",
					"@loader_path/Frameworks",
				);
				PRODUCT_BUNDLE_IDENTIFIER = Kenplix.iOSCalculatorUITests;
				PRODUCT_NAME = "$(TARGET_NAME)";
				SWIFT_VERSION = 5.0;
				TARGETED_DEVICE_FAMILY = "1,2";
				TEST_TARGET_NAME = iOSCalculator;
			};
			name = Debug;
		};
		1FC533542469822100A88B77 /* Release */ = {
			isa = XCBuildConfiguration;
			buildSettings = {
				ALWAYS_EMBED_SWIFT_STANDARD_LIBRARIES = YES;
				CODE_SIGN_STYLE = Automatic;
				DEVELOPMENT_TEAM = G56TQTA8VR;
				INFOPLIST_FILE = iOSCalculatorUITests/Info.plist;
				LD_RUNPATH_SEARCH_PATHS = (
					"$(inherited)",
					"@executable_path/Frameworks",
					"@loader_path/Frameworks",
				);
				PRODUCT_BUNDLE_IDENTIFIER = Kenplix.iOSCalculatorUITests;
				PRODUCT_NAME = "$(TARGET_NAME)";
				SWIFT_VERSION = 5.0;
				TARGETED_DEVICE_FAMILY = "1,2";
				TEST_TARGET_NAME = iOSCalculator;
			};
			name = Release;
		};
/* End XCBuildConfiguration section */

/* Begin XCConfigurationList section */
		1FC5331D2469822000A88B77 /* Build configuration list for PBXProject "iOSCalculator" */ = {
			isa = XCConfigurationList;
			buildConfigurations = (
				1FC5334A2469822100A88B77 /* Debug */,
				1FC5334B2469822100A88B77 /* Release */,
			);
			defaultConfigurationIsVisible = 0;
			defaultConfigurationName = Release;
		};
		1FC5334C2469822100A88B77 /* Build configuration list for PBXNativeTarget "iOSCalculator" */ = {
			isa = XCConfigurationList;
			buildConfigurations = (
				1FC5334D2469822100A88B77 /* Debug */,
				1FC5334E2469822100A88B77 /* Release */,
			);
			defaultConfigurationIsVisible = 0;
			defaultConfigurationName = Release;
		};
		1FC5334F2469822100A88B77 /* Build configuration list for PBXNativeTarget "iOSCalculatorTests" */ = {
			isa = XCConfigurationList;
			buildConfigurations = (
				1FC533502469822100A88B77 /* Debug */,
				1FC533512469822100A88B77 /* Release */,
			);
			defaultConfigurationIsVisible = 0;
			defaultConfigurationName = Release;
		};
		1FC533522469822100A88B77 /* Build configuration list for PBXNativeTarget "iOSCalculatorUITests" */ = {
			isa = XCConfigurationList;
			buildConfigurations = (
				1FC533532469822100A88B77 /* Debug */,
				1FC533542469822100A88B77 /* Release */,
			);
			defaultConfigurationIsVisible = 0;
			defaultConfigurationName = Release;
		};
/* End XCConfigurationList section */
	};
	rootObject = 1FC5331A2469822000A88B77 /* Project object */;
}
